Microsoft Visual Studio Solution File, Format Version 12.00
# Visual Studio Version 17
VisualStudioVersion = 17.5.2.0
MinimumVisualStudioVersion = 10.0.40219.1
Project("{FAE04EC0-301F-11D3-BF4B-00C04F79EFBC}") = "Maui-Developer-Sample", "Maui-Developer-Sample\Maui-Developer-Sample.csproj", "{8F34E2E8-E32C-43B9-9555-186E94215883}"
EndProject
Project("{2150E333-8FDC-42A3-9474-1A3956D46DE8}") = "SupportFiles", "SupportFiles", "{BC890E60-274E-471A-BD84-D084D937B2CD}"
	ProjectSection(SolutionItems) = preProject
		README.md = README.md
		LICENSE.md = LICENSE.md
	EndProjectSection
EndProject
Global
	GlobalSection(SolutionConfigurationPlatforms) = preSolution
		Debug|Any CPU = Debug|Any CPU
		Release|Any CPU = Release|Any CPU
	EndGlobalSection
	GlobalSection(ProjectConfigurationPlatforms) = postSolution
		{8F34E2E8-E32C-43B9-9555-186E94215883}.Debug|Any CPU.ActiveCfg = Debug|Any CPU
		{8F34E2E8-E32C-43B9-9555-186E94215883}.Debug|Any CPU.Build.0 = Debug|Any CPU
		{8F34E2E8-E32C-43B9-9555-186E94215883}.Release|Any CPU.ActiveCfg = Release|Any CPU
		{8F34E2E8-E32C-43B9-9555-186E94215883}.Release|Any CPU.Build.0 = Release|Any CPU
	EndGlobalSection
	GlobalSection(SolutionProperties) = preSolution
		HideSolutionNode = FALSE
	EndGlobalSection
	GlobalSection(ExtensibilityGlobals) = postSolution
		SolutionGuid = {B2AE9700-6CE4-47EC-98BA-DF51BA06A4BC}
	EndGlobalSection
EndGlobal
